<Solution>
  <Project Path="DrillFive/DrillFive.csproj" />
  <Project Path="DrillFour/DrillFour.csproj" />
  <Project Path="DrillOne/DrillOne.csproj" />
  <Project Path="DrillSix/DrillSix.csproj" />
  <Project Path="DrillThree/DrillThree.csproj" />
  <Project Path="DrillTwo/DrillTwo.csproj" />
</Solution>
